{
  "requires": true,
  "lockfileVersion": 1,
  "dependencies": {
    "jsprintmanager": {
      "version": "7.0.1",
      "resolved": "https://registry.npmjs.org/jsprintmanager/-/jsprintmanager-7.0.1.tgz",
      "integrity": "sha512-Ni09E2xTccNwuDQYEvTwf5u0JsgyKlPSXWes2coECAvOnfcei0nBqVm4ncFNb2DX47QYAtLIHOL64A4MTgMg8Q=="
    }
  }
}
